
Microsoft Visual Studio Solution File, Format Version 12.00
# Visual Studio Version 17
VisualStudioVersion = 17.5.33424.131
MinimumVisualStudioVersion = 10.0.40219.1
Project("{FAE04EC0-301F-11D3-BF4B-00C04F79EFBC}") = "PDFReader", "PDFReader\PDFReader.csproj", "{CDB10116-1360-415B-B4AD-06FD5FFA3B39}"
EndProject
Global
	GlobalSection(SolutionConfigurationPlatforms) = preSolution
		Debug|Any CPU = Debug|Any CPU
		Release|Any CPU = Release|Any CPU
	EndGlobalSection
	GlobalSection(ProjectConfigurationPlatforms) = postSolution
		{CDB10116-1360-415B-B4AD-06FD5FFA3B39}.Debug|Any CPU.ActiveCfg = Debug|Any CPU
		{CDB10116-1360-415B-B4AD-06FD5FFA3B39}.Debug|Any CPU.Build.0 = Debug|Any CPU
		{CDB10116-1360-415B-B4AD-06FD5FFA3B39}.Release|Any CPU.ActiveCfg = Release|Any CPU
		{CDB10116-1360-415B-B4AD-06FD5FFA3B39}.Release|Any CPU.Build.0 = Release|Any CPU
	EndGlobalSection
	GlobalSection(SolutionProperties) = preSolution
		HideSolutionNode = FALSE
	EndGlobalSection
	GlobalSection(ExtensibilityGlobals) = postSolution
		SolutionGuid = {ED5FBA0F-419C-4FED-8D33-BBA29945A723}
	EndGlobalSection
EndGlobal
